
Microsoft Visual Studio Solution File, Format Version 12.00
# Visual Studio Version 17
VisualStudioVersion = 17.12.35527.113 d17.12
MinimumVisualStudioVersion = 10.0.40219.1
Project("{FAE04EC0-301F-11D3-BF4B-00C04F79EFBC}") = "ProcessImageService.Function", "ProcessImageService.Function.csproj", "{A1806CBE-0CAE-48A9-8544-98DD573F856E}"
EndProject
Global
	GlobalSection(SolutionConfigurationPlatforms) = preSolution
		Debug|Any CPU = Debug|Any CPU
		Release|Any CPU = Release|Any CPU
	EndGlobalSection
	GlobalSection(ProjectConfigurationPlatforms) = postSolution
		{A1806CBE-0CAE-48A9-8544-98DD573F856E}.Debug|Any CPU.ActiveCfg = Debug|Any CPU
		{A1806CBE-0CAE-48A9-8544-98DD573F856E}.Debug|Any CPU.Build.0 = Debug|Any CPU
		{A1806CBE-0CAE-48A9-8544-98DD573F856E}.Release|Any CPU.ActiveCfg = Release|Any CPU
		{A1806CBE-0CAE-48A9-8544-98DD573F856E}.Release|Any CPU.Build.0 = Release|Any CPU
	EndGlobalSection
	GlobalSection(SolutionProperties) = preSolution
		HideSolutionNode = FALSE
	EndGlobalSection
EndGlobal
